
Microsoft Visual Studio Solution File, Format Version 12.00
# Visual Studio 15
VisualStudioVersion = 15.0.27428.2027
MinimumVisualStudioVersion = 10.0.40219.1
Project("{FAE04EC0-301F-11D3-BF4B-00C04F79EFBC}") = "01-Data Access Layer", "01-Data Access Layer\01-Data Access Layer.csproj", "{47D3D4AC-2861-4F32-A464-16C69135F49E}"
EndProject
Project("{FAE04EC0-301F-11D3-BF4B-00C04F79EFBC}") = "02-Business Entity Layer", "02-Business Entity Layer\02-Business Entity Layer.csproj", "{A8E01851-A228-4FE7-8F30-A47020F2A923}"
EndProject
Project("{FAE04EC0-301F-11D3-BF4B-00C04F79EFBC}") = "03-Business Logic Layer", "03-Business Logic Layer\03-Business Logic Layer.csproj", "{23566276-31DE-4FFF-934E-81BC26EB4E8B}"
EndProject
Project("{FAE04EC0-301F-11D3-BF4B-00C04F79EFBC}") = "04-Api", "04-Api\04-Api.csproj", "{05B62003-E8EF-408E-9881-D7F714069354}"
EndProject
Project("{2150E333-8FDC-42A3-9474-1A3956D46DE8}") = "Images", "Images", "{153BC715-E472-40E0-BEDE-AB7B6A94E0E3}"
	ProjectSection(SolutionItems) = preProject
		..\..\..\Downloads\IMG\cat.png = ..\..\..\Downloads\IMG\cat.png
	EndProjectSection
EndProject
Global
	GlobalSection(SolutionConfigurationPlatforms) = preSolution
		Debug|Any CPU = Debug|Any CPU
		Release|Any CPU = Release|Any CPU
	EndGlobalSection
	GlobalSection(ProjectConfigurationPlatforms) = postSolution
		{47D3D4AC-2861-4F32-A464-16C69135F49E}.Debug|Any CPU.ActiveCfg = Debug|Any CPU
		{47D3D4AC-2861-4F32-A464-16C69135F49E}.Debug|Any CPU.Build.0 = Debug|Any CPU
		{47D3D4AC-2861-4F32-A464-16C69135F49E}.Release|Any CPU.ActiveCfg = Release|Any CPU
		{47D3D4AC-2861-4F32-A464-16C69135F49E}.Release|Any CPU.Build.0 = Release|Any CPU
		{A8E01851-A228-4FE7-8F30-A47020F2A923}.Debug|Any CPU.ActiveCfg = Debug|Any CPU
		{A8E01851-A228-4FE7-8F30-A47020F2A923}.Debug|Any CPU.Build.0 = Debug|Any CPU
		{A8E01851-A228-4FE7-8F30-A47020F2A923}.Release|Any CPU.ActiveCfg = Release|Any CPU
		{A8E01851-A228-4FE7-8F30-A47020F2A923}.Release|Any CPU.Build.0 = Release|Any CPU
		{23566276-31DE-4FFF-934E-81BC26EB4E8B}.Debug|Any CPU.ActiveCfg = Debug|Any CPU
		{23566276-31DE-4FFF-934E-81BC26EB4E8B}.Debug|Any CPU.Build.0 = Debug|Any CPU
		{23566276-31DE-4FFF-934E-81BC26EB4E8B}.Release|Any CPU.ActiveCfg = Release|Any CPU
		{23566276-31DE-4FFF-934E-81BC26EB4E8B}.Release|Any CPU.Build.0 = Release|Any CPU
		{05B62003-E8EF-408E-9881-D7F714069354}.Debug|Any CPU.ActiveCfg = Debug|Any CPU
		{05B62003-E8EF-408E-9881-D7F714069354}.Debug|Any CPU.Build.0 = Debug|Any CPU
		{05B62003-E8EF-408E-9881-D7F714069354}.Release|Any CPU.ActiveCfg = Release|Any CPU
		{05B62003-E8EF-408E-9881-D7F714069354}.Release|Any CPU.Build.0 = Release|Any CPU
	EndGlobalSection
	GlobalSection(SolutionProperties) = preSolution
		HideSolutionNode = FALSE
	EndGlobalSection
	GlobalSection(ExtensibilityGlobals) = postSolution
		SolutionGuid = {3089381D-1A71-485E-A161-FD7F9D7C3519}
	EndGlobalSection
EndGlobal
